// !$*UTF8*$!
{
	archiveVersion = 1;
	classes = {
	};
	objectVersion = 50;
	objects = {

/* Begin PBXBuildFile section */
		37454543404C87B9CF4D5239 /* Pods_Califica_Profesores.framework in Frameworks */ = {isa = PBXBuildFile; fileRef = FE38EAF0AAB53FC43F7C0A07 /* Pods_Califica_Profesores.framework */; };
		B4214CBE223220B000CB94A7 /* SubjectProfessorListController.swift in Sources */ = {isa = PBXBuildFile; fileRef = B4214CBD223220B000CB94A7 /* SubjectProfessorListController.swift */; };
		B4214CC02232226000CB94A7 /* Professors.swift in Sources */ = {isa = PBXBuildFile; fileRef = B4214CBF2232226000CB94A7 /* Professors.swift */; };
		B4214CC22232341B00CB94A7 /* ProfessorInfoView.xib in Resources */ = {isa = PBXBuildFile; fileRef = B4214CC12232341B00CB94A7 /* ProfessorInfoView.xib */; };
		B4299293222DB59C00D95326 /* SideMenuController.swift in Sources */ = {isa = PBXBuildFile; fileRef = B4299292222DB59C00D95326 /* SideMenuController.swift */; };
		B4299297222DBC7B00D95326 /* LoadingView.xib in Resources */ = {isa = PBXBuildFile; fileRef = B4299296222DBC7B00D95326 /* LoadingView.xib */; };
		B4299299222DBC9200D95326 /* LoadingView.swift in Sources */ = {isa = PBXBuildFile; fileRef = B4299298222DBC9200D95326 /* LoadingView.swift */; };
		B429929B222DBF6100D95326 /* LoginViewController.swift in Sources */ = {isa = PBXBuildFile; fileRef = B429929A222DBF6100D95326 /* LoginViewController.swift */; };
		B429929D222DD05600D95326 /* HeaderView.xib in Resources */ = {isa = PBXBuildFile; fileRef = B429929C222DD05600D95326 /* HeaderView.xib */; };
		B429929F222DD07400D95326 /* HeaderView.swift in Sources */ = {isa = PBXBuildFile; fileRef = B429929E222DD07400D95326 /* HeaderView.swift */; };
		B44B9FE5223DB6F000360FC9 /* ProfessorSummaryOpinionsController.swift in Sources */ = {isa = PBXBuildFile; fileRef = B44B9FE4223DB6F000360FC9 /* ProfessorSummaryOpinionsController.swift */; };
		B4529CF8222B1F2F00D9856B /* NewsController.swift in Sources */ = {isa = PBXBuildFile; fileRef = B4529CF7222B1F2F00D9856B /* NewsController.swift */; };
		B454A5DB222F20B800B99B83 /* News.swift in Sources */ = {isa = PBXBuildFile; fileRef = B454A5DA222F20B800B99B83 /* News.swift */; };
		B454A5DD222F2B1A00B99B83 /* NewsCardView.xib in Resources */ = {isa = PBXBuildFile; fileRef = B454A5DC222F2B1A00B99B83 /* NewsCardView.xib */; };
		B4629CD722318138004A71FF /* SubjectSummaryGeneralController.swift in Sources */ = {isa = PBXBuildFile; fileRef = B4629CD622318138004A71FF /* SubjectSummaryGeneralController.swift */; };
		B4708E7222381D5100142BE0 /* NotFoundView.xib in Resources */ = {isa = PBXBuildFile; fileRef = B4708E7122381D5100142BE0 /* NotFoundView.xib */; };
		B4708E7422381D7000142BE0 /* NotFoundView.swift in Sources */ = {isa = PBXBuildFile; fileRef = B4708E7322381D7000142BE0 /* NotFoundView.swift */; };
		B4981BC3222B6C9100D836B9 /* LoginView.xib in Resources */ = {isa = PBXBuildFile; fileRef = B4981BC2222B6C9100D836B9 /* LoginView.xib */; };
		B4B514E2222E45C000A40623 /* Cards.swift in Sources */ = {isa = PBXBuildFile; fileRef = B4B514E1222E45C000A40623 /* Cards.swift */; };
		B4C6A8E5222ECF2200BB3A15 /* TestCustomCardView.xib in Resources */ = {isa = PBXBuildFile; fileRef = B4C6A8E4222ECF2200BB3A15 /* TestCustomCardView.xib */; };
		B4CAA3582235B074001C784F /* ReviewSubjectController.swift in Sources */ = {isa = PBXBuildFile; fileRef = B4CAA3572235B074001C784F /* ReviewSubjectController.swift */; };
		B4CD3DEC2236B77E00AE3A51 /* ReviewSubject.swift in Sources */ = {isa = PBXBuildFile; fileRef = B4CD3DEB2236B77E00AE3A51 /* ReviewSubject.swift */; };
		B4CDEDEF2232EB52005B9087 /* SubjectSummaryOpinionsController.swift in Sources */ = {isa = PBXBuildFile; fileRef = B4CDEDEE2232EB52005B9087 /* SubjectSummaryOpinionsController.swift */; };
		B4CDEDF12232F107005B9087 /* OpinionView.xib in Resources */ = {isa = PBXBuildFile; fileRef = B4CDEDF02232F107005B9087 /* OpinionView.xib */; };
		B4CDEDF32233019B005B9087 /* Opinions.swift in Sources */ = {isa = PBXBuildFile; fileRef = B4CDEDF22233019B005B9087 /* Opinions.swift */; };
		B4CDEDF62233275F005B9087 /* SubjectSummaryPager.swift in Sources */ = {isa = PBXBuildFile; fileRef = B4CDEDF52233275F005B9087 /* SubjectSummaryPager.swift */; };
		B4CDEDF822333C5B005B9087 /* SubjectSummaryMyOpinionController.swift in Sources */ = {isa = PBXBuildFile; fileRef = B4CDEDF722333C5B005B9087 /* SubjectSummaryMyOpinionController.swift */; };
		B4D3DEB42239702500489F84 /* Professors.storyboard in Resources */ = {isa = PBXBuildFile; fileRef = B4D3DEB32239702500489F84 /* Professors.storyboard */; };
		B4D3DEB6223971CB00489F84 /* ProfessorSearch.swift in Sources */ = {isa = PBXBuildFile; fileRef = B4D3DEB5223971CB00489F84 /* ProfessorSearch.swift */; };
		B4D3DEB82239912000489F84 /* Subjects.storyboard in Resources */ = {isa = PBXBuildFile; fileRef = B4D3DEB72239912000489F84 /* Subjects.storyboard */; };
		B4D3DEBB223995A400489F84 /* ProfessorSummaryPager.swift in Sources */ = {isa = PBXBuildFile; fileRef = B4D3DEBA223995A400489F84 /* ProfessorSummaryPager.swift */; };
		B4D3DEBD223998D200489F84 /* ProfessorSummaryGeneralController.swift in Sources */ = {isa = PBXBuildFile; fileRef = B4D3DEBC223998D200489F84 /* ProfessorSummaryGeneralController.swift */; };
		B4D44A51222A28D50023BA65 /* AppDelegate.swift in Sources */ = {isa = PBXBuildFile; fileRef = B4D44A50222A28D50023BA65 /* AppDelegate.swift */; };
		B4D44A56222A28D50023BA65 /* Main.storyboard in Resources */ = {isa = PBXBuildFile; fileRef = B4D44A54222A28D50023BA65 /* Main.storyboard */; };
		B4D44A58222A28D70023BA65 /* Assets.xcassets in Resources */ = {isa = PBXBuildFile; fileRef = B4D44A57222A28D70023BA65 /* Assets.xcassets */; };
		B4D44A5B222A28D70023BA65 /* LaunchScreen.storyboard in Resources */ = {isa = PBXBuildFile; fileRef = B4D44A59222A28D70023BA65 /* LaunchScreen.storyboard */; };
		B4D44A66222A29A50023BA65 /* LoginController.swift in Sources */ = {isa = PBXBuildFile; fileRef = B4D44A65222A29A50023BA65 /* LoginController.swift */; };
		B4D44A68222A34290023BA65 /* GoogleService-Info.plist in Resources */ = {isa = PBXBuildFile; fileRef = B4D44A67222A34290023BA65 /* GoogleService-Info.plist */; };
		B4F24AFF2230862E00F1CED1 /* SubjectSearch.swift in Sources */ = {isa = PBXBuildFile; fileRef = B4F24AFE2230862E00F1CED1 /* SubjectSearch.swift */; };
		B4F24B032230A8A100F1CED1 /* Subjects.swift in Sources */ = {isa = PBXBuildFile; fileRef = B4F24B022230A8A100F1CED1 /* Subjects.swift */; };
		B4F80BD3223C420D003758FA /* ProfessorSummaryInfoController.swift in Sources */ = {isa = PBXBuildFile; fileRef = B4F80BD2223C420D003758FA /* ProfessorSummaryInfoController.swift */; };
		B4F80BD5223C577E003758FA /* ProfessorDataView.xib in Resources */ = {isa = PBXBuildFile; fileRef = B4F80BD4223C577E003758FA /* ProfessorDataView.xib */; };
/* End PBXBuildFile section */

/* Begin PBXFileReference section */
		63F12D3BC64E930F672D4AA1 /* Pods-Califica Profesores.debug.xcconfig */ = {isa = PBXFileReference; includeInIndex = 1; lastKnownFileType = text.xcconfig; name = "Pods-Califica Profesores.debug.xcconfig"; path = "Target Support Files/Pods-Califica Profesores/Pods-Califica Profesores.debug.xcconfig"; sourceTree = "<group>"; };
		B4214CBD223220B000CB94A7 /* SubjectProfessorListController.swift */ = {isa = PBXFileReference; lastKnownFileType = sourcecode.swift; path = SubjectProfessorListController.swift; sourceTree = "<group>"; };
		B4214CBF2232226000CB94A7 /* Professors.swift */ = {isa = PBXFileReference; lastKnownFileType = sourcecode.swift; path = Professors.swift; sourceTree = "<group>"; };
		B4214CC12232341B00CB94A7 /* ProfessorInfoView.xib */ = {isa = PBXFileReference; lastKnownFileType = file.xib; path = ProfessorInfoView.xib; sourceTree = "<group>"; };
		B4299292222DB59C00D95326 /* SideMenuController.swift */ = {isa = PBXFileReference; lastKnownFileType = sourcecode.swift; path = SideMenuController.swift; sourceTree = "<group>"; };
		B4299296222DBC7B00D95326 /* LoadingView.xib */ = {isa = PBXFileReference; lastKnownFileType = file.xib; path = LoadingView.xib; sourceTree = "<group>"; };
		B4299298222DBC9200D95326 /* LoadingView.swift */ = {isa = PBXFileReference; lastKnownFileType = sourcecode.swift; path = LoadingView.swift; sourceTree = "<group>"; };
		B429929A222DBF6100D95326 /* LoginViewController.swift */ = {isa = PBXFileReference; lastKnownFileType = sourcecode.swift; path = LoginViewController.swift; sourceTree = "<group>"; };
		B429929C222DD05600D95326 /* HeaderView.xib */ = {isa = PBXFileReference; lastKnownFileType = file.xib; path = HeaderView.xib; sourceTree = "<group>"; };
		B429929E222DD07400D95326 /* HeaderView.swift */ = {isa = PBXFileReference; lastKnownFileType = sourcecode.swift; path = HeaderView.swift; sourceTree = "<group>"; };
		B44B9FE4223DB6F000360FC9 /* ProfessorSummaryOpinionsController.swift */ = {isa = PBXFileReference; lastKnownFileType = sourcecode.swift; path = ProfessorSummaryOpinionsController.swift; sourceTree = "<group>"; };
		B4529CF7222B1F2F00D9856B /* NewsController.swift */ = {isa = PBXFileReference; lastKnownFileType = sourcecode.swift; path = NewsController.swift; sourceTree = "<group>"; };
		B454A5DA222F20B800B99B83 /* News.swift */ = {isa = PBXFileReference; lastKnownFileType = sourcecode.swift; path = News.swift; sourceTree = "<group>"; };
		B454A5DC222F2B1A00B99B83 /* NewsCardView.xib */ = {isa = PBXFileReference; lastKnownFileType = file.xib; path = NewsCardView.xib; sourceTree = "<group>"; };
		B4629CD622318138004A71FF /* SubjectSummaryGeneralController.swift */ = {isa = PBXFileReference; lastKnownFileType = sourcecode.swift; path = SubjectSummaryGeneralController.swift; sourceTree = "<group>"; };
		B4708E7122381D5100142BE0 /* NotFoundView.xib */ = {isa = PBXFileReference; lastKnownFileType = file.xib; path = NotFoundView.xib; sourceTree = "<group>"; };
		B4708E7322381D7000142BE0 /* NotFoundView.swift */ = {isa = PBXFileReference; lastKnownFileType = sourcecode.swift; path = NotFoundView.swift; sourceTree = "<group>"; };
		B4981BC2222B6C9100D836B9 /* LoginView.xib */ = {isa = PBXFileReference; lastKnownFileType = file.xib; path = LoginView.xib; sourceTree = "<group>"; };
		B4B514E1222E45C000A40623 /* Cards.swift */ = {isa = PBXFileReference; lastKnownFileType = sourcecode.swift; path = Cards.swift; sourceTree = "<group>"; };
		B4C6A8E4222ECF2200BB3A15 /* TestCustomCardView.xib */ = {isa = PBXFileReference; lastKnownFileType = file.xib; path = TestCustomCardView.xib; sourceTree = "<group>"; };
		B4CAA3572235B074001C784F /* ReviewSubjectController.swift */ = {isa = PBXFileReference; lastKnownFileType = sourcecode.swift; path = ReviewSubjectController.swift; sourceTree = "<group>"; };
		B4CD3DEB2236B77E00AE3A51 /* ReviewSubject.swift */ = {isa = PBXFileReference; lastKnownFileType = sourcecode.swift; path = ReviewSubject.swift; sourceTree = "<group>"; };
		B4CDEDEE2232EB52005B9087 /* SubjectSummaryOpinionsController.swift */ = {isa = PBXFileReference; lastKnownFileType = sourcecode.swift; path = SubjectSummaryOpinionsController.swift; sourceTree = "<group>"; };
		B4CDEDF02232F107005B9087 /* OpinionView.xib */ = {isa = PBXFileReference; lastKnownFileType = file.xib; path = OpinionView.xib; sourceTree = "<group>"; };
		B4CDEDF22233019B005B9087 /* Opinions.swift */ = {isa = PBXFileReference; lastKnownFileType = sourcecode.swift; path = Opinions.swift; sourceTree = "<group>"; };
		B4CDEDF52233275F005B9087 /* SubjectSummaryPager.swift */ = {isa = PBXFileReference; lastKnownFileType = sourcecode.swift; path = SubjectSummaryPager.swift; sourceTree = "<group>"; };
		B4CDEDF722333C5B005B9087 /* SubjectSummaryMyOpinionController.swift */ = {isa = PBXFileReference; lastKnownFileType = sourcecode.swift; path = SubjectSummaryMyOpinionController.swift; sourceTree = "<group>"; };
		B4D3DEB32239702500489F84 /* Professors.storyboard */ = {isa = PBXFileReference; lastKnownFileType = file.storyboard; path = Professors.storyboard; sourceTree = "<group>"; };
		B4D3DEB5223971CB00489F84 /* ProfessorSearch.swift */ = {isa = PBXFileReference; lastKnownFileType = sourcecode.swift; path = ProfessorSearch.swift; sourceTree = "<group>"; };
		B4D3DEB72239912000489F84 /* Subjects.storyboard */ = {isa = PBXFileReference; lastKnownFileType = file.storyboard; path = Subjects.storyboard; sourceTree = "<group>"; };
		B4D3DEBA223995A400489F84 /* ProfessorSummaryPager.swift */ = {isa = PBXFileReference; lastKnownFileType = sourcecode.swift; path = ProfessorSummaryPager.swift; sourceTree = "<group>"; };
		B4D3DEBC223998D200489F84 /* ProfessorSummaryGeneralController.swift */ = {isa = PBXFileReference; lastKnownFileType = sourcecode.swift; path = ProfessorSummaryGeneralController.swift; sourceTree = "<group>"; };
		B4D44A4D222A28D50023BA65 /* Califica Profesores.app */ = {isa = PBXFileReference; explicitFileType = wrapper.application; includeInIndex = 0; path = "Califica Profesores.app"; sourceTree = BUILT_PRODUCTS_DIR; };
		B4D44A50222A28D50023BA65 /* AppDelegate.swift */ = {isa = PBXFileReference; lastKnownFileType = sourcecode.swift; path = AppDelegate.swift; sourceTree = "<group>"; };
		B4D44A55222A28D50023BA65 /* Base */ = {isa = PBXFileReference; lastKnownFileType = file.storyboard; name = Base; path = Base.lproj/Main.storyboard; sourceTree = "<group>"; };
		B4D44A57222A28D70023BA65 /* Assets.xcassets */ = {isa = PBXFileReference; lastKnownFileType = folder.assetcatalog; path = Assets.xcassets; sourceTree = "<group>"; };
		B4D44A5A222A28D70023BA65 /* Base */ = {isa = PBXFileReference; lastKnownFileType = file.storyboard; name = Base; path = Base.lproj/LaunchScreen.storyboard; sourceTree = "<group>"; };
		B4D44A5C222A28D70023BA65 /* Info.plist */ = {isa = PBXFileReference; lastKnownFileType = text.plist.xml; path = Info.plist; sourceTree = "<group>"; };
		B4D44A65222A29A50023BA65 /* LoginController.swift */ = {isa = PBXFileReference; lastKnownFileType = sourcecode.swift; path = LoginController.swift; sourceTree = "<group>"; };
		B4D44A67222A34290023BA65 /* GoogleService-Info.plist */ = {isa = PBXFileReference; fileEncoding = 4; lastKnownFileType = text.plist.xml; path = "GoogleService-Info.plist"; sourceTree = "<group>"; };
		B4F24AFE2230862E00F1CED1 /* SubjectSearch.swift */ = {isa = PBXFileReference; lastKnownFileType = sourcecode.swift; path = SubjectSearch.swift; sourceTree = "<group>"; };
		B4F24B022230A8A100F1CED1 /* Subjects.swift */ = {isa = PBXFileReference; lastKnownFileType = sourcecode.swift; path = Subjects.swift; sourceTree = "<group>"; };
		B4F80BD2223C420D003758FA /* ProfessorSummaryInfoController.swift */ = {isa = PBXFileReference; lastKnownFileType = sourcecode.swift; path = ProfessorSummaryInfoController.swift; sourceTree = "<group>"; };
		B4F80BD4223C577E003758FA /* ProfessorDataView.xib */ = {isa = PBXFileReference; lastKnownFileType = file.xib; path = ProfessorDataView.xib; sourceTree = "<group>"; };
		DF10E011D9F5149E720D1D5F /* Pods-Califica Profesores.release.xcconfig */ = {isa = PBXFileReference; includeInIndex = 1; lastKnownFileType = text.xcconfig; name = "Pods-Califica Profesores.release.xcconfig"; path = "Target Support Files/Pods-Califica Profesores/Pods-Califica Profesores.release.xcconfig"; sourceTree = "<group>"; };
		FE38EAF0AAB53FC43F7C0A07 /* Pods_Califica_Profesores.framework */ = {isa = PBXFileReference; explicitFileType = wrapper.framework; includeInIndex = 0; path = Pods_Califica_Profesores.framework; sourceTree = BUILT_PRODUCTS_DIR; };
/* End PBXFileReference section */

/* Begin PBXFrameworksBuildPhase section */
		B4D44A4A222A28D50023BA65 /* Frameworks */ = {
			isa = PBXFrameworksBuildPhase;
			buildActionMask = 2147483647;
			files = (
				37454543404C87B9CF4D5239 /* Pods_Califica_Profesores.framework in Frameworks */,
			);
			runOnlyForDeploymentPostprocessing = 0;
		};
/* End PBXFrameworksBuildPhase section */

/* Begin PBXGroup section */
		33A598AD43D2CE6211892E89 /* Pods */ = {
			isa = PBXGroup;
			children = (
				63F12D3BC64E930F672D4AA1 /* Pods-Califica Profesores.debug.xcconfig */,
				DF10E011D9F5149E720D1D5F /* Pods-Califica Profesores.release.xcconfig */,
			);
			path = Pods;
			sourceTree = "<group>";
		};
		AC66690973A584D3BD816790 /* Frameworks */ = {
			isa = PBXGroup;
			children = (
				FE38EAF0AAB53FC43F7C0A07 /* Pods_Califica_Profesores.framework */,
			);
			name = Frameworks;
			sourceTree = "<group>";
		};
		B454A5D8222F0B9100B99B83 /* ExampleCards */ = {
			isa = PBXGroup;
			children = (
				B4C6A8E4222ECF2200BB3A15 /* TestCustomCardView.xib */,
				B4B514E1222E45C000A40623 /* Cards.swift */,
			);
			path = ExampleCards;
			sourceTree = "<group>";
		};
		B454A5D9222F20A000B99B83 /* Network */ = {
			isa = PBXGroup;
			children = (
				B454A5DA222F20B800B99B83 /* News.swift */,
				B4F24B022230A8A100F1CED1 /* Subjects.swift */,
				B4214CBF2232226000CB94A7 /* Professors.swift */,
				B4CDEDF22233019B005B9087 /* Opinions.swift */,
				B4CD3DEB2236B77E00AE3A51 /* ReviewSubject.swift */,
			);
			path = Network;
			sourceTree = "<group>";
		};
		B4629CD5223180F5004A71FF /* SubjectSummary */ = {
			isa = PBXGroup;
			children = (
				B4629CD622318138004A71FF /* SubjectSummaryGeneralController.swift */,
				B4214CBD223220B000CB94A7 /* SubjectProfessorListController.swift */,
				B4CDEDEE2232EB52005B9087 /* SubjectSummaryOpinionsController.swift */,
				B4CDEDF52233275F005B9087 /* SubjectSummaryPager.swift */,
				B4CDEDF722333C5B005B9087 /* SubjectSummaryMyOpinionController.swift */,
				B4CAA3572235B074001C784F /* ReviewSubjectController.swift */,
			);
			path = SubjectSummary;
			sourceTree = "<group>";
		};
		B4981BC1222B6C7D00D836B9 /* Views */ = {
			isa = PBXGroup;
			children = (
				B4981BC2222B6C9100D836B9 /* LoginView.xib */,
				B4299296222DBC7B00D95326 /* LoadingView.xib */,
				B4299298222DBC9200D95326 /* LoadingView.swift */,
				B429929C222DD05600D95326 /* HeaderView.xib */,
				B429929E222DD07400D95326 /* HeaderView.swift */,
				B454A5DC222F2B1A00B99B83 /* NewsCardView.xib */,
				B4214CC12232341B00CB94A7 /* ProfessorInfoView.xib */,
				B4CDEDF02232F107005B9087 /* OpinionView.xib */,
				B4708E7122381D5100142BE0 /* NotFoundView.xib */,
				B4708E7322381D7000142BE0 /* NotFoundView.swift */,
				B4F80BD4223C577E003758FA /* ProfessorDataView.xib */,
			);
			path = Views;
			sourceTree = "<group>";
		};
		B4D3DEB92239953700489F84 /* ProfessorSummary */ = {
			isa = PBXGroup;
			children = (
				B4D3DEBA223995A400489F84 /* ProfessorSummaryPager.swift */,
				B4D3DEBC223998D200489F84 /* ProfessorSummaryGeneralController.swift */,
				B4F80BD2223C420D003758FA /* ProfessorSummaryInfoController.swift */,
				B44B9FE4223DB6F000360FC9 /* ProfessorSummaryOpinionsController.swift */,
			);
			path = ProfessorSummary;
			sourceTree = "<group>";
		};
		B4D44A44222A28D50023BA65 = {
			isa = PBXGroup;
			children = (
				B4D44A4F222A28D50023BA65 /* Califica Profesores */,
				B4D44A4E222A28D50023BA65 /* Products */,
				33A598AD43D2CE6211892E89 /* Pods */,
				AC66690973A584D3BD816790 /* Frameworks */,
			);
			sourceTree = "<group>";
		};
		B4D44A4E222A28D50023BA65 /* Products */ = {
			isa = PBXGroup;
			children = (
				B4D44A4D222A28D50023BA65 /* Califica Profesores.app */,
			);
			name = Products;
			sourceTree = "<group>";
		};
		B4D44A4F222A28D50023BA65 /* Califica Profesores */ = {
			isa = PBXGroup;
			children = (
				B454A5D9222F20A000B99B83 /* Network */,
				B454A5D8222F0B9100B99B83 /* ExampleCards */,
				B4981BC1222B6C7D00D836B9 /* Views */,
				B4D44A62222A295E0023BA65 /* Controllers */,
				B4D44A50222A28D50023BA65 /* AppDelegate.swift */,
				B4D44A54222A28D50023BA65 /* Main.storyboard */,
				B4D3DEB72239912000489F84 /* Subjects.storyboard */,
				B4D3DEB32239702500489F84 /* Professors.storyboard */,
				B4D44A57222A28D70023BA65 /* Assets.xcassets */,
				B4D44A59222A28D70023BA65 /* LaunchScreen.storyboard */,
				B4D44A5C222A28D70023BA65 /* Info.plist */,
				B4D44A67222A34290023BA65 /* GoogleService-Info.plist */,
			);
			path = "Califica Profesores";
			sourceTree = "<group>";
		};
		B4D44A62222A295E0023BA65 /* Controllers */ = {
			isa = PBXGroup;
			children = (
				B4D3DEB92239953700489F84 /* ProfessorSummary */,
				B4629CD5223180F5004A71FF /* SubjectSummary */,
				B4D44A65222A29A50023BA65 /* LoginController.swift */,
				B4529CF7222B1F2F00D9856B /* NewsController.swift */,
				B4299292222DB59C00D95326 /* SideMenuController.swift */,
				B429929A222DBF6100D95326 /* LoginViewController.swift */,
				B4F24AFE2230862E00F1CED1 /* SubjectSearch.swift */,
				B4D3DEB5223971CB00489F84 /* ProfessorSearch.swift */,
			);
			path = Controllers;
			sourceTree = "<group>";
		};
/* End PBXGroup section */

/* Begin PBXNativeTarget section */
		B4D44A4C222A28D50023BA65 /* Califica Profesores */ = {
			isa = PBXNativeTarget;
			buildConfigurationList = B4D44A5F222A28D70023BA65 /* Build configuration list for PBXNativeTarget "Califica Profesores" */;
			buildPhases = (
				699DC3470BF5922977E31260 /* [CP] Check Pods Manifest.lock */,
				B4D44A49222A28D50023BA65 /* Sources */,
				B4D44A4A222A28D50023BA65 /* Frameworks */,
				B4D44A4B222A28D50023BA65 /* Resources */,
				798D99E68A85ED7FF63C8240 /* [CP] Embed Pods Frameworks */,
				E07205C46DBF633DD4D90074 /* [CP] Copy Pods Resources */,
			);
			buildRules = (
			);
			dependencies = (
			);
			name = "Califica Profesores";
			productName = "Califica Profesores";
			productReference = B4D44A4D222A28D50023BA65 /* Califica Profesores.app */;
			productType = "com.apple.product-type.application";
		};
/* End PBXNativeTarget section */

/* Begin PBXProject section */
		B4D44A45222A28D50023BA65 /* Project object */ = {
			isa = PBXProject;
			attributes = {
				LastSwiftUpdateCheck = 1010;
				LastUpgradeCheck = 1010;
				ORGANIZATIONNAME = "Dylan Tasat";
				TargetAttributes = {
					B4D44A4C222A28D50023BA65 = {
						CreatedOnToolsVersion = 10.1;
					};
				};
			};
			buildConfigurationList = B4D44A48222A28D50023BA65 /* Build configuration list for PBXProject "Califica Profesores" */;
			compatibilityVersion = "Xcode 9.3";
			developmentRegion = en;
			hasScannedForEncodings = 0;
			knownRegions = (
				en,
				Base,
			);
			mainGroup = B4D44A44222A28D50023BA65;
			productRefGroup = B4D44A4E222A28D50023BA65 /* Products */;
			projectDirPath = "";
			projectRoot = "";
			targets = (
				B4D44A4C222A28D50023BA65 /* Califica Profesores */,
			);
		};
/* End PBXProject section */

/* Begin PBXResourcesBuildPhase section */
		B4D44A4B222A28D50023BA65 /* Resources */ = {
			isa = PBXResourcesBuildPhase;
			buildActionMask = 2147483647;
			files = (
				B4D44A5B222A28D70023BA65 /* LaunchScreen.storyboard in Resources */,
				B4D44A68222A34290023BA65 /* GoogleService-Info.plist in Resources */,
				B4D44A58222A28D70023BA65 /* Assets.xcassets in Resources */,
				B4299297222DBC7B00D95326 /* LoadingView.xib in Resources */,
				B4F80BD5223C577E003758FA /* ProfessorDataView.xib in Resources */,
				B4214CC22232341B00CB94A7 /* ProfessorInfoView.xib in Resources */,
				B4D3DEB42239702500489F84 /* Professors.storyboard in Resources */,
				B4708E7222381D5100142BE0 /* NotFoundView.xib in Resources */,
				B4981BC3222B6C9100D836B9 /* LoginView.xib in Resources */,
				B4D44A56222A28D50023BA65 /* Main.storyboard in Resources */,
				B429929D222DD05600D95326 /* HeaderView.xib in Resources */,
				B4C6A8E5222ECF2200BB3A15 /* TestCustomCardView.xib in Resources */,
				B4D3DEB82239912000489F84 /* Subjects.storyboard in Resources */,
				B4CDEDF12232F107005B9087 /* OpinionView.xib in Resources */,
				B454A5DD222F2B1A00B99B83 /* NewsCardView.xib in Resources */,
			);
			runOnlyForDeploymentPostprocessing = 0;
		};
/* End PBXResourcesBuildPhase section */

/* Begin PBXShellScriptBuildPhase section */
		699DC3470BF5922977E31260 /* [CP] Check Pods Manifest.lock */ = {
			isa = PBXShellScriptBuildPhase;
			buildActionMask = 2147483647;
			files = (
			);
			inputFileListPaths = (
			);
			inputPaths = (
				"${PODS_PODFILE_DIR_PATH}/Podfile.lock",
				"${PODS_ROOT}/Manifest.lock",
			);
			name = "[CP] Check Pods Manifest.lock";
			outputFileListPaths = (
			);
			outputPaths = (
				"$(DERIVED_FILE_DIR)/Pods-Califica Profesores-checkManifestLockResult.txt",
			);
			runOnlyForDeploymentPostprocessing = 0;
			shellPath = /bin/sh;
			shellScript = "diff \"${PODS_PODFILE_DIR_PATH}/Podfile.lock\" \"${PODS_ROOT}/Manifest.lock\" > /dev/null\nif [ $? != 0 ] ; then\n    # print error to STDERR\n    echo \"error: The sandbox is not in sync with the Podfile.lock. Run 'pod install' or update your CocoaPods installation.\" >&2\n    exit 1\nfi\n# This output is used by Xcode 'outputs' to avoid re-running this script phase.\necho \"SUCCESS\" > \"${SCRIPT_OUTPUT_FILE_0}\"\n";
			showEnvVarsInLog = 0;
		};
		798D99E68A85ED7FF63C8240 /* [CP] Embed Pods Frameworks */ = {
			isa = PBXShellScriptBuildPhase;
			buildActionMask = 2147483647;
			files = (
			);
			inputFileListPaths = (
			);
			inputPaths = (
				"${PODS_ROOT}/Target Support Files/Pods-Califica Profesores/Pods-Califica Profesores-frameworks.sh",
				"${BUILT_PRODUCTS_DIR}/BEMCheckBox/BEMCheckBox.framework",
				"${BUILT_PRODUCTS_DIR}/CardParts/CardParts.framework",
				"${BUILT_PRODUCTS_DIR}/Cosmos/Cosmos.framework",
				"${BUILT_PRODUCTS_DIR}/Differentiator/Differentiator.framework",
				"${BUILT_PRODUCTS_DIR}/GTMSessionFetcher/GTMSessionFetcher.framework",
				"${BUILT_PRODUCTS_DIR}/GoogleToolboxForMac/GoogleToolboxForMac.framework",
				"${BUILT_PRODUCTS_DIR}/GoogleUtilities/GoogleUtilities.framework",
				"${BUILT_PRODUCTS_DIR}/HGCircularSlider/HGCircularSlider.framework",
				"${BUILT_PRODUCTS_DIR}/LinearProgressView/LinearProgressView.framework",
				"${BUILT_PRODUCTS_DIR}/RxAtomic/RxAtomic.framework",
				"${BUILT_PRODUCTS_DIR}/RxCocoa/RxCocoa.framework",
				"${BUILT_PRODUCTS_DIR}/RxDataSources/RxDataSources.framework",
				"${BUILT_PRODUCTS_DIR}/RxGesture/RxGesture.framework",
				"${BUILT_PRODUCTS_DIR}/RxSwift/RxSwift.framework",
				"${BUILT_PRODUCTS_DIR}/SideMenu/SideMenu.framework",
				"${BUILT_PRODUCTS_DIR}/XLPagerTabStrip/XLPagerTabStrip.framework",
				"${BUILT_PRODUCTS_DIR}/leveldb-library/leveldb.framework",
				"${BUILT_PRODUCTS_DIR}/nanopb/nanopb.framework",
			);
			name = "[CP] Embed Pods Frameworks";
			outputFileListPaths = (
			);
			outputPaths = (
				"${TARGET_BUILD_DIR}/${FRAMEWORKS_FOLDER_PATH}/BEMCheckBox.framework",
				"${TARGET_BUILD_DIR}/${FRAMEWORKS_FOLDER_PATH}/CardParts.framework",
				"${TARGET_BUILD_DIR}/${FRAMEWORKS_FOLDER_PATH}/Cosmos.framework",
				"${TARGET_BUILD_DIR}/${FRAMEWORKS_FOLDER_PATH}/Differentiator.framework",
				"${TARGET_BUILD_DIR}/${FRAMEWORKS_FOLDER_PATH}/GTMSessionFetcher.framework",
				"${TARGET_BUILD_DIR}/${FRAMEWORKS_FOLDER_PATH}/GoogleToolboxForMac.framework",
				"${TARGET_BUILD_DIR}/${FRAMEWORKS_FOLDER_PATH}/GoogleUtilities.framework",
				"${TARGET_BUILD_DIR}/${FRAMEWORKS_FOLDER_PATH}/HGCircularSlider.framework",
				"${TARGET_BUILD_DIR}/${FRAMEWORKS_FOLDER_PATH}/LinearProgressView.framework",
				"${TARGET_BUILD_DIR}/${FRAMEWORKS_FOLDER_PATH}/RxAtomic.framework",
				"${TARGET_BUILD_DIR}/${FRAMEWORKS_FOLDER_PATH}/RxCocoa.framework",
				"${TARGET_BUILD_DIR}/${FRAMEWORKS_FOLDER_PATH}/RxDataSources.framework",
				"${TARGET_BUILD_DIR}/${FRAMEWORKS_FOLDER_PATH}/RxGesture.framework",
				"${TARGET_BUILD_DIR}/${FRAMEWORKS_FOLDER_PATH}/RxSwift.framework",
				"${TARGET_BUILD_DIR}/${FRAMEWORKS_FOLDER_PATH}/SideMenu.framework",
				"${TARGET_BUILD_DIR}/${FRAMEWORKS_FOLDER_PATH}/XLPagerTabStrip.framework",
				"${TARGET_BUILD_DIR}/${FRAMEWORKS_FOLDER_PATH}/leveldb.framework",
				"${TARGET_BUILD_DIR}/${FRAMEWORKS_FOLDER_PATH}/nanopb.framework",
			);
			runOnlyForDeploymentPostprocessing = 0;
			shellPath = /bin/sh;
			shellScript = "\"${PODS_ROOT}/Target Support Files/Pods-Califica Profesores/Pods-Califica Profesores-frameworks.sh\"\n";
			showEnvVarsInLog = 0;
		};
		E07205C46DBF633DD4D90074 /* [CP] Copy Pods Resources */ = {
			isa = PBXShellScriptBuildPhase;
			buildActionMask = 2147483647;
			files = (
			);
			inputFileListPaths = (
			);
			inputPaths = (
				"${PODS_ROOT}/Target Support Files/Pods-Califica Profesores/Pods-Califica Profesores-resources.sh",
				"${PODS_CONFIGURATION_BUILD_DIR}/FirebaseUI/FirebaseAuthUI.bundle",
				"${PODS_CONFIGURATION_BUILD_DIR}/FirebaseUI/FirebaseGoogleAuthUI.bundle",
				"${PODS_ROOT}/GoogleSignIn/Resources/GoogleSignIn.bundle",
			);
			name = "[CP] Copy Pods Resources";
			outputFileListPaths = (
			);
			outputPaths = (
				"${TARGET_BUILD_DIR}/${UNLOCALIZED_RESOURCES_FOLDER_PATH}/FirebaseAuthUI.bundle",
				"${TARGET_BUILD_DIR}/${UNLOCALIZED_RESOURCES_FOLDER_PATH}/FirebaseGoogleAuthUI.bundle",
				"${TARGET_BUILD_DIR}/${UNLOCALIZED_RESOURCES_FOLDER_PATH}/GoogleSignIn.bundle",
			);
			runOnlyForDeploymentPostprocessing = 0;
			shellPath = /bin/sh;
			shellScript = "\"${PODS_ROOT}/Target Support Files/Pods-Califica Profesores/Pods-Califica Profesores-resources.sh\"\n";
			showEnvVarsInLog = 0;
		};
/* End PBXShellScriptBuildPhase section */

/* Begin PBXSourcesBuildPhase section */
		B4D44A49222A28D50023BA65 /* Sources */ = {
			isa = PBXSourcesBuildPhase;
			buildActionMask = 2147483647;
			files = (
				B4214CC02232226000CB94A7 /* Professors.swift in Sources */,
				B4F24B032230A8A100F1CED1 /* Subjects.swift in Sources */,
				B4CAA3582235B074001C784F /* ReviewSubjectController.swift in Sources */,
				B4CDEDEF2232EB52005B9087 /* SubjectSummaryOpinionsController.swift in Sources */,
				B4CDEDF822333C5B005B9087 /* SubjectSummaryMyOpinionController.swift in Sources */,
				B429929B222DBF6100D95326 /* LoginViewController.swift in Sources */,
				B4629CD722318138004A71FF /* SubjectSummaryGeneralController.swift in Sources */,
				B4299293222DB59C00D95326 /* SideMenuController.swift in Sources */,
				B4214CBE223220B000CB94A7 /* SubjectProfessorListController.swift in Sources */,
				B4529CF8222B1F2F00D9856B /* NewsController.swift in Sources */,
				B4D3DEB6223971CB00489F84 /* ProfessorSearch.swift in Sources */,
				B454A5DB222F20B800B99B83 /* News.swift in Sources */,
				B4B514E2222E45C000A40623 /* Cards.swift in Sources */,
				B4D44A66222A29A50023BA65 /* LoginController.swift in Sources */,
				B4CD3DEC2236B77E00AE3A51 /* ReviewSubject.swift in Sources */,
				B4D3DEBB223995A400489F84 /* ProfessorSummaryPager.swift in Sources */,
				B4F24AFF2230862E00F1CED1 /* SubjectSearch.swift in Sources */,
				B4F80BD3223C420D003758FA /* ProfessorSummaryInfoController.swift in Sources */,
				B4CDEDF62233275F005B9087 /* SubjectSummaryPager.swift in Sources */,
				B4CDEDF32233019B005B9087 /* Opinions.swift in Sources */,
				B4D44A51222A28D50023BA65 /* AppDelegate.swift in Sources */,
				B4708E7422381D7000142BE0 /* NotFoundView.swift in Sources */,
				B4D3DEBD223998D200489F84 /* ProfessorSummaryGeneralController.swift in Sources */,
				B44B9FE5223DB6F000360FC9 /* ProfessorSummaryOpinionsController.swift in Sources */,
				B4299299222DBC9200D95326 /* LoadingView.swift in Sources */,
				B429929F222DD07400D95326 /* HeaderView.swift in Sources */,
			);
			runOnlyForDeploymentPostprocessing = 0;
		};
/* End PBXSourcesBuildPhase section */

/* Begin PBXVariantGroup section */
		B4D44A54222A28D50023BA65 /* Main.storyboard */ = {
			isa = PBXVariantGroup;
			children = (
				B4D44A55222A28D50023BA65 /* Base */,
			);
			name = Main.storyboard;
			sourceTree = "<group>";
		};
		B4D44A59222A28D70023BA65 /* LaunchScreen.storyboard */ = {
			isa = PBXVariantGroup;
			children = (
				B4D44A5A222A28D70023BA65 /* Base */,
			);
			name = LaunchScreen.storyboard;
			sourceTree = "<group>";
		};
/* End PBXVariantGroup section */

/* Begin XCBuildConfiguration section */
		B4D44A5D222A28D70023BA65 /* Debug */ = {
			isa = XCBuildConfiguration;
			buildSettings = {
				ALWAYS_SEARCH_USER_PATHS = NO;
				CLANG_ANALYZER_NONNULL = YES;
				CLANG_ANALYZER_NUMBER_OBJECT_CONVERSION = YES_AGGRESSIVE;
				CLANG_CXX_LANGUAGE_STANDARD = "gnu++14";
				CLANG_CXX_LIBRARY = "libc++";
				CLANG_ENABLE_MODULES = YES;
				CLANG_ENABLE_OBJC_ARC = YES;
				CLANG_ENABLE_OBJC_WEAK = YES;
				CLANG_WARN_BLOCK_CAPTURE_AUTORELEASING = YES;
				CLANG_WARN_BOOL_CONVERSION = YES;
				CLANG_WARN_COMMA = YES;
				CLANG_WARN_CONSTANT_CONVERSION = YES;
				CLANG_WARN_DEPRECATED_OBJC_IMPLEMENTATIONS = YES;
				CLANG_WARN_DIRECT_OBJC_ISA_USAGE = YES_ERROR;
				CLANG_WARN_DOCUMENTATION_COMMENTS = YES;
				CLANG_WARN_EMPTY_BODY = YES;
				CLANG_WARN_ENUM_CONVERSION = YES;
				CLANG_WARN_INFINITE_RECURSION = YES;
				CLANG_WARN_INT_CONVERSION = YES;
				CLANG_WARN_NON_LITERAL_NULL_CONVERSION = YES;
				CLANG_WARN_OBJC_IMPLICIT_RETAIN_SELF = YES;
				CLANG_WARN_OBJC_LITERAL_CONVERSION = YES;
				CLANG_WARN_OBJC_ROOT_CLASS = YES_ERROR;
				CLANG_WARN_RANGE_LOOP_ANALYSIS = YES;
				CLANG_WARN_STRICT_PROTOTYPES = YES;
				CLANG_WARN_SUSPICIOUS_MOVE = YES;
				CLANG_WARN_UNGUARDED_AVAILABILITY = YES_AGGRESSIVE;
				CLANG_WARN_UNREACHABLE_CODE = YES;
				CLANG_WARN__DUPLICATE_METHOD_MATCH = YES;
				CODE_SIGN_IDENTITY = "iPhone Developer";
				COPY_PHASE_STRIP = NO;
				DEBUG_INFORMATION_FORMAT = dwarf;
				ENABLE_STRICT_OBJC_MSGSEND = YES;
				ENABLE_TESTABILITY = YES;
				GCC_C_LANGUAGE_STANDARD = gnu11;
				GCC_DYNAMIC_NO_PIC = NO;
				GCC_NO_COMMON_BLOCKS = YES;
				GCC_OPTIMIZATION_LEVEL = 0;
				GCC_PREPROCESSOR_DEFINITIONS = (
					"DEBUG=1",
					"$(inherited)",
				);
				GCC_WARN_64_TO_32_BIT_CONVERSION = YES;
				GCC_WARN_ABOUT_RETURN_TYPE = YES_ERROR;
				GCC_WARN_UNDECLARED_SELECTOR = YES;
				GCC_WARN_UNINITIALIZED_AUTOS = YES_AGGRESSIVE;
				GCC_WARN_UNUSED_FUNCTION = YES;
				GCC_WARN_UNUSED_VARIABLE = YES;
				IPHONEOS_DEPLOYMENT_TARGET = 12.1;
				MTL_ENABLE_DEBUG_INFO = INCLUDE_SOURCE;
				MTL_FAST_MATH = YES;
				ONLY_ACTIVE_ARCH = YES;
				SDKROOT = iphoneos;
				SWIFT_ACTIVE_COMPILATION_CONDITIONS = DEBUG;
				SWIFT_OPTIMIZATION_LEVEL = "-Onone";
			};
			name = Debug;
		};
		B4D44A5E222A28D70023BA65 /* Release */ = {
			isa = XCBuildConfiguration;
			buildSettings = {
				ALWAYS_SEARCH_USER_PATHS = NO;
				CLANG_ANALYZER_NONNULL = YES;
				CLANG_ANALYZER_NUMBER_OBJECT_CONVERSION = YES_AGGRESSIVE;
				CLANG_CXX_LANGUAGE_STANDARD = "gnu++14";
				CLANG_CXX_LIBRARY = "libc++";
				CLANG_ENABLE_MODULES = YES;
				CLANG_ENABLE_OBJC_ARC = YES;
				CLANG_ENABLE_OBJC_WEAK = YES;
				CLANG_WARN_BLOCK_CAPTURE_AUTORELEASING = YES;
				CLANG_WARN_BOOL_CONVERSION = YES;
				CLANG_WARN_COMMA = YES;
				CLANG_WARN_CONSTANT_CONVERSION = YES;
				CLANG_WARN_DEPRECATED_OBJC_IMPLEMENTATIONS = YES;
				CLANG_WARN_DIRECT_OBJC_ISA_USAGE = YES_ERROR;
				CLANG_WARN_DOCUMENTATION_COMMENTS = YES;
				CLANG_WARN_EMPTY_BODY = YES;
				CLANG_WARN_ENUM_CONVERSION = YES;
				CLANG_WARN_INFINITE_RECURSION = YES;
				CLANG_WARN_INT_CONVERSION = YES;
				CLANG_WARN_NON_LITERAL_NULL_CONVERSION = YES;
				CLANG_WARN_OBJC_IMPLICIT_RETAIN_SELF = YES;
				CLANG_WARN_OBJC_LITERAL_CONVERSION = YES;
				CLANG_WARN_OBJC_ROOT_CLASS = YES_ERROR;
				CLANG_WARN_RANGE_LOOP_ANALYSIS = YES;
				CLANG_WARN_STRICT_PROTOTYPES = YES;
				CLANG_WARN_SUSPICIOUS_MOVE = YES;
				CLANG_WARN_UNGUARDED_AVAILABILITY = YES_AGGRESSIVE;
				CLANG_WARN_UNREACHABLE_CODE = YES;
				CLANG_WARN__DUPLICATE_METHOD_MATCH = YES;
				CODE_SIGN_IDENTITY = "iPhone Developer";
				COPY_PHASE_STRIP = NO;
				DEBUG_INFORMATION_FORMAT = "dwarf-with-dsym";
				ENABLE_NS_ASSERTIONS = NO;
				ENABLE_STRICT_OBJC_MSGSEND = YES;
				GCC_C_LANGUAGE_STANDARD = gnu11;
				GCC_NO_COMMON_BLOCKS = YES;
				GCC_WARN_64_TO_32_BIT_CONVERSION = YES;
				GCC_WARN_ABOUT_RETURN_TYPE = YES_ERROR;
				GCC_WARN_UNDECLARED_SELECTOR = YES;
				GCC_WARN_UNINITIALIZED_AUTOS = YES_AGGRESSIVE;
				GCC_WARN_UNUSED_FUNCTION = YES;
				GCC_WARN_UNUSED_VARIABLE = YES;
				IPHONEOS_DEPLOYMENT_TARGET = 12.1;
				MTL_ENABLE_DEBUG_INFO = NO;
				MTL_FAST_MATH = YES;
				SDKROOT = iphoneos;
				SWIFT_COMPILATION_MODE = wholemodule;
				SWIFT_OPTIMIZATION_LEVEL = "-O";
				VALIDATE_PRODUCT = YES;
			};
			name = Release;
		};
		B4D44A60222A28D70023BA65 /* Debug */ = {
			isa = XCBuildConfiguration;
			baseConfigurationReference = 63F12D3BC64E930F672D4AA1 /* Pods-Califica Profesores.debug.xcconfig */;
			buildSettings = {
				ASSETCATALOG_COMPILER_APPICON_NAME = AppIcon;
				CODE_SIGN_IDENTITY = "iPhone Developer";
				CODE_SIGN_STYLE = Automatic;
				DEVELOPMENT_TEAM = UXRVPY7HHA;
				INFOPLIST_FILE = "Califica Profesores/Info.plist";
				IPHONEOS_DEPLOYMENT_TARGET = 10.0;
				LD_RUNPATH_SEARCH_PATHS = (
					"$(inherited)",
					"@executable_path/Frameworks",
				);
				PRODUCT_BUNDLE_IDENTIFIER = "gnd.Califica-Profesores";
				PRODUCT_NAME = "$(TARGET_NAME)";
				PROVISIONING_PROFILE_SPECIFIER = "";
				SWIFT_VERSION = 4.2;
				TARGETED_DEVICE_FAMILY = 1;
			};
			name = Debug;
		};
		B4D44A61222A28D70023BA65 /* Release */ = {
			isa = XCBuildConfiguration;
			baseConfigurationReference = DF10E011D9F5149E720D1D5F /* Pods-Califica Profesores.release.xcconfig */;
			buildSettings = {
				ASSETCATALOG_COMPILER_APPICON_NAME = AppIcon;
				CODE_SIGN_IDENTITY = "iPhone Developer";
				CODE_SIGN_STYLE = Automatic;
				DEVELOPMENT_TEAM = UXRVPY7HHA;
				INFOPLIST_FILE = "Califica Profesores/Info.plist";
				IPHONEOS_DEPLOYMENT_TARGET = 10.0;
				LD_RUNPATH_SEARCH_PATHS = (
					"$(inherited)",
					"@executable_path/Frameworks",
				);
				PRODUCT_BUNDLE_IDENTIFIER = "gnd.Califica-Profesores";
				PRODUCT_NAME = "$(TARGET_NAME)";
				PROVISIONING_PROFILE_SPECIFIER = "";
				SWIFT_VERSION = 4.2;
				TARGETED_DEVICE_FAMILY = 1;
			};
			name = Release;
		};
/* End XCBuildConfiguration section */

/* Begin XCConfigurationList section */
		B4D44A48222A28D50023BA65 /* Build configuration list for PBXProject "Califica Profesores" */ = {
			isa = XCConfigurationList;
			buildConfigurations = (
				B4D44A5D222A28D70023BA65 /* Debug */,
				B4D44A5E222A28D70023BA65 /* Release */,
			);
			defaultConfigurationIsVisible = 0;
			defaultConfigurationName = Release;
		};
		B4D44A5F222A28D70023BA65 /* Build configuration list for PBXNativeTarget "Califica Profesores" */ = {
			isa = XCConfigurationList;
			buildConfigurations = (
				B4D44A60222A28D70023BA65 /* Debug */,
				B4D44A61222A28D70023BA65 /* Release */,
			);
			defaultConfigurationIsVisible = 0;
			defaultConfigurationName = Release;
		};
/* End XCConfigurationList section */
	};
	rootObject = B4D44A45222A28D50023BA65 /* Project object */;
}
